
Microsoft Visual Studio Solution File, Format Version 12.00
# Visual Studio Version 17
VisualStudioVersion = 17.14.36429.23 d17.14
MinimumVisualStudioVersion = 10.0.40219.1
Project("{FAE04EC0-301F-11D3-BF4B-00C04F79EFBC}") = "wincecabreader", "wincecabreader\wincecabreader.csproj", "{8712397F-E3E8-426C-ACE7-DE8405AB0A88}"
EndProject
Global
	GlobalSection(SolutionConfigurationPlatforms) = preSolution
		Debug|Any CPU = Debug|Any CPU
		Release|Any CPU = Release|Any CPU
	EndGlobalSection
	GlobalSection(ProjectConfigurationPlatforms) = postSolution
		{8712397F-E3E8-426C-ACE7-DE8405AB0A88}.Debug|Any CPU.ActiveCfg = Debug|Any CPU
		{8712397F-E3E8-426C-ACE7-DE8405AB0A88}.Debug|Any CPU.Build.0 = Debug|Any CPU
		{8712397F-E3E8-426C-ACE7-DE8405AB0A88}.Release|Any CPU.ActiveCfg = Release|Any CPU
		{8712397F-E3E8-426C-ACE7-DE8405AB0A88}.Release|Any CPU.Build.0 = Release|Any CPU
	EndGlobalSection
	GlobalSection(SolutionProperties) = preSolution
		HideSolutionNode = FALSE
	EndGlobalSection
	GlobalSection(ExtensibilityGlobals) = postSolution
		SolutionGuid = {822951F0-DE54-4F5D-94CB-E9531A53C27C}
	EndGlobalSection
EndGlobal
